
Microsoft Visual Studio Solution File, Format Version 12.00
# Visual Studio Version 16
VisualStudioVersion = 16.0.31410.357
MinimumVisualStudioVersion = 10.0.40219.1
Project("{FAE04EC0-301F-11D3-BF4B-00C04F79EFBC}") = "PaymentAPI", "PaymentAPI\PaymentAPI.csproj", "{0D36C259-EF45-4944-A4CF-3406B6E72CAA}"
EndProject
Global
	GlobalSection(SolutionConfigurationPlatforms) = preSolution
		Debug|Any CPU = Debug|Any CPU
		Release|Any CPU = Release|Any CPU
	EndGlobalSection
	GlobalSection(ProjectConfigurationPlatforms) = postSolution
		{0D36C259-EF45-4944-A4CF-3406B6E72CAA}.Debug|Any CPU.ActiveCfg = Debug|Any CPU
		{0D36C259-EF45-4944-A4CF-3406B6E72CAA}.Debug|Any CPU.Build.0 = Debug|Any CPU
		{0D36C259-EF45-4944-A4CF-3406B6E72CAA}.Release|Any CPU.ActiveCfg = Release|Any CPU
		{0D36C259-EF45-4944-A4CF-3406B6E72CAA}.Release|Any CPU.Build.0 = Release|Any CPU
	EndGlobalSection
	GlobalSection(SolutionProperties) = preSolution
		HideSolutionNode = FALSE
	EndGlobalSection
	GlobalSection(ExtensibilityGlobals) = postSolution
		SolutionGuid = {72F93447-63E7-48C4-8405-81C72AA95BE5}
	EndGlobalSection
EndGlobal
